
Microsoft Visual Studio Solution File, Format Version 12.00
# Visual Studio Version 16
VisualStudioVersion = 16.0.30907.101
MinimumVisualStudioVersion = 10.0.40219.1
Project("{FAE04EC0-301F-11D3-BF4B-00C04F79EFBC}") = "graduation_project", "graduation_project.csproj", "{ECF5C4E8-08AC-4946-B63B-404E66D901B8}"
EndProject
Global
	GlobalSection(SolutionConfigurationPlatforms) = preSolution
		Debug|Any CPU = Debug|Any CPU
		Release|Any CPU = Release|Any CPU
	EndGlobalSection
	GlobalSection(ProjectConfigurationPlatforms) = postSolution
		{ECF5C4E8-08AC-4946-B63B-404E66D901B8}.Debug|Any CPU.ActiveCfg = Debug|Any CPU
		{ECF5C4E8-08AC-4946-B63B-404E66D901B8}.Debug|Any CPU.Build.0 = Debug|Any CPU
		{ECF5C4E8-08AC-4946-B63B-404E66D901B8}.Release|Any CPU.ActiveCfg = Release|Any CPU
		{ECF5C4E8-08AC-4946-B63B-404E66D901B8}.Release|Any CPU.Build.0 = Release|Any CPU
	EndGlobalSection
	GlobalSection(SolutionProperties) = preSolution
		HideSolutionNode = FALSE
	EndGlobalSection
	GlobalSection(ExtensibilityGlobals) = postSolution
		SolutionGuid = {93954326-6E43-4473-BDD9-89E9184D245A}
	EndGlobalSection
EndGlobal
